// !$*UTF8*$!
{
	archiveVersion = 1;
	classes = {
	};
	objectVersion = 46;
	objects = {

/* Begin PBXBuildFile section */
		9318E3861F2077850083632B /* AppDelegate.swift in Sources */ = {isa = PBXBuildFile; fileRef = 9318E3851F2077850083632B /* AppDelegate.swift */; };
		9318E3881F2077850083632B /* ViewController.swift in Sources */ = {isa = PBXBuildFile; fileRef = 9318E3871F2077850083632B /* ViewController.swift */; };
		9318E38B1F2077850083632B /* Main.storyboard in Resources */ = {isa = PBXBuildFile; fileRef = 9318E3891F2077850083632B /* Main.storyboard */; };
		9318E38D1F2077850083632B /* Assets.xcassets in Resources */ = {isa = PBXBuildFile; fileRef = 9318E38C1F2077850083632B /* Assets.xcassets */; };
		9318E3901F2077850083632B /* LaunchScreen.storyboard in Resources */ = {isa = PBXBuildFile; fileRef = 9318E38E1F2077850083632B /* LaunchScreen.storyboard */; };
		9318E3B31F2077EE0083632B /* Contents.json in Resources */ = {isa = PBXBuildFile; fileRef = 9318E3991F2077EE0083632B /* Contents.json */; };
		9318E3B41F2077EE0083632B /* Icon-App-20x20@1x.png in Resources */ = {isa = PBXBuildFile; fileRef = 9318E39A1F2077EE0083632B /* Icon-App-20x20@1x.png */; };
		9318E3B51F2077EE0083632B /* Icon-App-20x20@2x.png in Resources */ = {isa = PBXBuildFile; fileRef = 9318E39B1F2077EE0083632B /* Icon-App-20x20@2x.png */; };
		9318E3B61F2077EE0083632B /* Icon-App-20x20@3x.png in Resources */ = {isa = PBXBuildFile; fileRef = 9318E39C1F2077EE0083632B /* Icon-App-20x20@3x.png */; };
		9318E3B71F2077EE0083632B /* Icon-App-29x29@1x.png in Resources */ = {isa = PBXBuildFile; fileRef = 9318E39D1F2077EE0083632B /* Icon-App-29x29@1x.png */; };
		9318E3B81F2077EE0083632B /* Icon-App-29x29@2x.png in Resources */ = {isa = PBXBuildFile; fileRef = 9318E39E1F2077EE0083632B /* Icon-App-29x29@2x.png */; };
		9318E3B91F2077EE0083632B /* Icon-App-29x29@3x.png in Resources */ = {isa = PBXBuildFile; fileRef = 9318E39F1F2077EE0083632B /* Icon-App-29x29@3x.png */; };
		9318E3BA1F2077EE0083632B /* Icon-App-40x40@1x.png in Resources */ = {isa = PBXBuildFile; fileRef = 9318E3A01F2077EE0083632B /* Icon-App-40x40@1x.png */; };
		9318E3BB1F2077EE0083632B /* Icon-App-40x40@2x.png in Resources */ = {isa = PBXBuildFile; fileRef = 9318E3A11F2077EE0083632B /* Icon-App-40x40@2x.png */; };
		9318E3BC1F2077EE0083632B /* Icon-App-40x40@3x.png in Resources */ = {isa = PBXBuildFile; fileRef = 9318E3A21F2077EE0083632B /* Icon-App-40x40@3x.png */; };
		9318E3BD1F2077EE0083632B /* Icon-App-57x57@1x.png in Resources */ = {isa = PBXBuildFile; fileRef = 9318E3A31F2077EE0083632B /* Icon-App-57x57@1x.png */; };
		9318E3BE1F2077EE0083632B /* Icon-App-57x57@2x.png in Resources */ = {isa = PBXBuildFile; fileRef = 9318E3A41F2077EE0083632B /* Icon-App-57x57@2x.png */; };
		9318E3BF1F2077EE0083632B /* Icon-App-60x60@1x.png in Resources */ = {isa = PBXBuildFile; fileRef = 9318E3A51F2077EE0083632B /* Icon-App-60x60@1x.png */; };
		9318E3C01F2077EE0083632B /* Icon-App-60x60@2x.png in Resources */ = {isa = PBXBuildFile; fileRef = 9318E3A61F2077EE0083632B /* Icon-App-60x60@2x.png */; };
		9318E3C11F2077EE0083632B /* Icon-App-60x60@3x.png in Resources */ = {isa = PBXBuildFile; fileRef = 9318E3A71F2077EE0083632B /* Icon-App-60x60@3x.png */; };
		9318E3C21F2077EE0083632B /* Icon-App-72x72@1x.png in Resources */ = {isa = PBXBuildFile; fileRef = 9318E3A81F2077EE0083632B /* Icon-App-72x72@1x.png */; };
		9318E3C31F2077EE0083632B /* Icon-App-72x72@2x.png in Resources */ = {isa = PBXBuildFile; fileRef = 9318E3A91F2077EE0083632B /* Icon-App-72x72@2x.png */; };
		9318E3C41F2077EE0083632B /* Icon-App-76x76@1x.png in Resources */ = {isa = PBXBuildFile; fileRef = 9318E3AA1F2077EE0083632B /* Icon-App-76x76@1x.png */; };
		9318E3C51F2077EE0083632B /* Icon-App-76x76@2x.png in Resources */ = {isa = PBXBuildFile; fileRef = 9318E3AB1F2077EE0083632B /* Icon-App-76x76@2x.png */; };
		9318E3C61F2077EE0083632B /* Icon-App-76x76@3x.png in Resources */ = {isa = PBXBuildFile; fileRef = 9318E3AC1F2077EE0083632B /* Icon-App-76x76@3x.png */; };
		9318E3C71F2077EE0083632B /* Icon-App-83.5x83.5@2x.png in Resources */ = {isa = PBXBuildFile; fileRef = 9318E3AD1F2077EE0083632B /* Icon-App-83.5x83.5@2x.png */; };
		9318E3C81F2077EE0083632B /* Icon-Small-50x50@1x.png in Resources */ = {isa = PBXBuildFile; fileRef = 9318E3AE1F2077EE0083632B /* Icon-Small-50x50@1x.png */; };
		9318E3C91F2077EE0083632B /* Icon-Small-50x50@2x.png in Resources */ = {isa = PBXBuildFile; fileRef = 9318E3AF1F2077EE0083632B /* Icon-Small-50x50@2x.png */; };
		9318E3CA1F2077EE0083632B /* iTunesArtwork@1x.png in Resources */ = {isa = PBXBuildFile; fileRef = 9318E3B01F2077EE0083632B /* iTunesArtwork@1x.png */; };
		9318E3CB1F2077EE0083632B /* iTunesArtwork@2x.png in Resources */ = {isa = PBXBuildFile; fileRef = 9318E3B11F2077EE0083632B /* iTunesArtwork@2x.png */; };
		9318E3CC1F2077EE0083632B /* iTunesArtwork@3x.png in Resources */ = {isa = PBXBuildFile; fileRef = 9318E3B21F2077EE0083632B /* iTunesArtwork@3x.png */; };
		9318E3CF1F207C430083632B /* ni-che.png in Resources */ = {isa = PBXBuildFile; fileRef = 9318E3CE1F207C430083632B /* ni-che.png */; };
		9318E3D11F2082FB0083632B /* QuizViewController.swift in Sources */ = {isa = PBXBuildFile; fileRef = 9318E3D01F2082FB0083632B /* QuizViewController.swift */; };
		9318E3D31F2083100083632B /* ResultViewController.swift in Sources */ = {isa = PBXBuildFile; fileRef = 9318E3D21F2083100083632B /* ResultViewController.swift */; };
		9318E3D51F208AAE0083632B /* Quiz.swift in Sources */ = {isa = PBXBuildFile; fileRef = 9318E3D41F208AAE0083632B /* Quiz.swift */; };
		93E5EC771F26E0D700F7E008 /* alfred_adler.png in Resources */ = {isa = PBXBuildFile; fileRef = 93E5EC6E1F26E0D700F7E008 /* alfred_adler.png */; };
		93E5EC781F26E0D700F7E008 /* aristoteles.png in Resources */ = {isa = PBXBuildFile; fileRef = 93E5EC6F1F26E0D700F7E008 /* aristoteles.png */; };
		93E5EC791F26E0D700F7E008 /* einstein.png in Resources */ = {isa = PBXBuildFile; fileRef = 93E5EC701F26E0D700F7E008 /* einstein.png */; };
		93E5EC7A1F26E0D700F7E008 /* gandhi.png in Resources */ = {isa = PBXBuildFile; fileRef = 93E5EC711F26E0D700F7E008 /* gandhi.png */; };
		93E5EC7B1F26E0D700F7E008 /* helen_keller.png in Resources */ = {isa = PBXBuildFile; fileRef = 93E5EC721F26E0D700F7E008 /* helen_keller.png */; };
		93E5EC7C1F26E0D700F7E008 /* ieyasu.png in Resources */ = {isa = PBXBuildFile; fileRef = 93E5EC731F26E0D700F7E008 /* ieyasu.png */; };
		93E5EC7D1F26E0D700F7E008 /* koumei.png in Resources */ = {isa = PBXBuildFile; fileRef = 93E5EC741F26E0D700F7E008 /* koumei.png */; };
		93E5EC7E1F26E0D700F7E008 /* platon.png in Resources */ = {isa = PBXBuildFile; fileRef = 93E5EC751F26E0D700F7E008 /* platon.png */; };
		93E5EC7F1F26E0D700F7E008 /* shikoutei.png in Resources */ = {isa = PBXBuildFile; fileRef = 93E5EC761F26E0D700F7E008 /* shikoutei.png */; };
		93E5EC871F2735E600F7E008 /* Constant.swift in Sources */ = {isa = PBXBuildFile; fileRef = 93E5EC861F2735E600F7E008 /* Constant.swift */; };
/* End PBXBuildFile section */

/* Begin PBXFileReference section */
		9318E3821F2077850083632B /* ProverbQuiz.app */ = {isa = PBXFileReference; explicitFileType = wrapper.application; includeInIndex = 0; path = ProverbQuiz.app; sourceTree = BUILT_PRODUCTS_DIR; };
		9318E3851F2077850083632B /* AppDelegate.swift */ = {isa = PBXFileReference; lastKnownFileType = sourcecode.swift; path = AppDelegate.swift; sourceTree = "<group>"; };
		9318E3871F2077850083632B /* ViewController.swift */ = {isa = PBXFileReference; lastKnownFileType = sourcecode.swift; path = ViewController.swift; sourceTree = "<group>"; };
		9318E38A1F2077850083632B /* Base */ = {isa = PBXFileReference; lastKnownFileType = file.storyboard; name = Base; path = Base.lproj/Main.storyboard; sourceTree = "<group>"; };
		9318E38C1F2077850083632B /* Assets.xcassets */ = {isa = PBXFileReference; lastKnownFileType = folder.assetcatalog; path = Assets.xcassets; sourceTree = "<group>"; };
		9318E38F1F2077850083632B /* Base */ = {isa = PBXFileReference; lastKnownFileType = file.storyboard; name = Base; path = Base.lproj/LaunchScreen.storyboard; sourceTree = "<group>"; };
		9318E3911F2077850083632B /* Info.plist */ = {isa = PBXFileReference; lastKnownFileType = text.plist.xml; path = Info.plist; sourceTree = "<group>"; };
		9318E3991F2077EE0083632B /* Contents.json */ = {isa = PBXFileReference; fileEncoding = 4; lastKnownFileType = text.json; path = Contents.json; sourceTree = "<group>"; };
		9318E39A1F2077EE0083632B /* Icon-App-20x20@1x.png */ = {isa = PBXFileReference; lastKnownFileType = image.png; path = "Icon-App-20x20@1x.png"; sourceTree = "<group>"; };
		9318E39B1F2077EE0083632B /* Icon-App-20x20@2x.png */ = {isa = PBXFileReference; lastKnownFileType = image.png; path = "Icon-App-20x20@2x.png"; sourceTree = "<group>"; };
		9318E39C1F2077EE0083632B /* Icon-App-20x20@3x.png */ = {isa = PBXFileReference; lastKnownFileType = image.png; path = "Icon-App-20x20@3x.png"; sourceTree = "<group>"; };
		9318E39D1F2077EE0083632B /* Icon-App-29x29@1x.png */ = {isa = PBXFileReference; lastKnownFileType = image.png; path = "Icon-App-29x29@1x.png"; sourceTree = "<group>"; };
		9318E39E1F2077EE0083632B /* Icon-App-29x29@2x.png */ = {isa = PBXFileReference; lastKnownFileType = image.png; path = "Icon-App-29x29@2x.png"; sourceTree = "<group>"; };
		9318E39F1F2077EE0083632B /* Icon-App-29x29@3x.png */ = {isa = PBXFileReference; lastKnownFileType = image.png; path = "Icon-App-29x29@3x.png"; sourceTree = "<group>"; };
		9318E3A01F2077EE0083632B /* Icon-App-40x40@1x.png */ = {isa = PBXFileReference; lastKnownFileType = image.png; path = "Icon-App-40x40@1x.png"; sourceTree = "<group>"; };
		9318E3A11F2077EE0083632B /* Icon-App-40x40@2x.png */ = {isa = PBXFileReference; lastKnownFileType = image.png; path = "Icon-App-40x40@2x.png"; sourceTree = "<group>"; };
		9318E3A21F2077EE0083632B /* Icon-App-40x40@3x.png */ = {isa = PBXFileReference; lastKnownFileType = image.png; path = "Icon-App-40x40@3x.png"; sourceTree = "<group>"; };
		9318E3A31F2077EE0083632B /* Icon-App-57x57@1x.png */ = {isa = PBXFileReference; lastKnownFileType = image.png; path = "Icon-App-57x57@1x.png"; sourceTree = "<group>"; };
		9318E3A41F2077EE0083632B /* Icon-App-57x57@2x.png */ = {isa = PBXFileReference; lastKnownFileType = image.png; path = "Icon-App-57x57@2x.png"; sourceTree = "<group>"; };
		9318E3A51F2077EE0083632B /* Icon-App-60x60@1x.png */ = {isa = PBXFileReference; lastKnownFileType = image.png; path = "Icon-App-60x60@1x.png"; sourceTree = "<group>"; };
		9318E3A61F2077EE0083632B /* Icon-App-60x60@2x.png */ = {isa = PBXFileReference; lastKnownFileType = image.png; path = "Icon-App-60x60@2x.png"; sourceTree = "<group>"; };
		9318E3A71F2077EE0083632B /* Icon-App-60x60@3x.png */ = {isa = PBXFileReference; lastKnownFileType = image.png; path = "Icon-App-60x60@3x.png"; sourceTree = "<group>"; };
		9318E3A81F2077EE0083632B /* Icon-App-72x72@1x.png */ = {isa = PBXFileReference; lastKnownFileType = image.png; path = "Icon-App-72x72@1x.png"; sourceTree = "<group>"; };
		9318E3A91F2077EE0083632B /* Icon-App-72x72@2x.png */ = {isa = PBXFileReference; lastKnownFileType = image.png; path = "Icon-App-72x72@2x.png"; sourceTree = "<group>"; };
		9318E3AA1F2077EE0083632B /* Icon-App-76x76@1x.png */ = {isa = PBXFileReference; lastKnownFileType = image.png; path = "Icon-App-76x76@1x.png"; sourceTree = "<group>"; };
		9318E3AB1F2077EE0083632B /* Icon-App-76x76@2x.png */ = {isa = PBXFileReference; lastKnownFileType = image.png; path = "Icon-App-76x76@2x.png"; sourceTree = "<group>"; };
		9318E3AC1F2077EE0083632B /* Icon-App-76x76@3x.png */ = {isa = PBXFileReference; lastKnownFileType = image.png; path = "Icon-App-76x76@3x.png"; sourceTree = "<group>"; };
		9318E3AD1F2077EE0083632B /* Icon-App-83.5x83.5@2x.png */ = {isa = PBXFileReference; lastKnownFileType = image.png; path = "Icon-App-83.5x83.5@2x.png"; sourceTree = "<group>"; };
		9318E3AE1F2077EE0083632B /* Icon-Small-50x50@1x.png */ = {isa = PBXFileReference; lastKnownFileType = image.png; path = "Icon-Small-50x50@1x.png"; sourceTree = "<group>"; };
		9318E3AF1F2077EE0083632B /* Icon-Small-50x50@2x.png */ = {isa = PBXFileReference; lastKnownFileType = image.png; path = "Icon-Small-50x50@2x.png"; sourceTree = "<group>"; };
		9318E3B01F2077EE0083632B /* iTunesArtwork@1x.png */ = {isa = PBXFileReference; lastKnownFileType = image.png; path = "iTunesArtwork@1x.png"; sourceTree = "<group>"; };
		9318E3B11F2077EE0083632B /* iTunesArtwork@2x.png */ = {isa = PBXFileReference; lastKnownFileType = image.png; path = "iTunesArtwork@2x.png"; sourceTree = "<group>"; };
		9318E3B21F2077EE0083632B /* iTunesArtwork@3x.png */ = {isa = PBXFileReference; lastKnownFileType = image.png; path = "iTunesArtwork@3x.png"; sourceTree = "<group>"; };
		9318E3CE1F207C430083632B /* ni-che.png */ = {isa = PBXFileReference; lastKnownFileType = image.png; path = "ni-che.png"; sourceTree = "<group>"; };
		9318E3D01F2082FB0083632B /* QuizViewController.swift */ = {isa = PBXFileReference; fileEncoding = 4; lastKnownFileType = sourcecode.swift; path = QuizViewController.swift; sourceTree = "<group>"; };
		9318E3D21F2083100083632B /* ResultViewController.swift */ = {isa = PBXFileReference; fileEncoding = 4; lastKnownFileType = sourcecode.swift; path = ResultViewController.swift; sourceTree = "<group>"; };
		9318E3D41F208AAE0083632B /* Quiz.swift */ = {isa = PBXFileReference; fileEncoding = 4; lastKnownFileType = sourcecode.swift; path = Quiz.swift; sourceTree = "<group>"; };
		93E5EC6E1F26E0D700F7E008 /* alfred_adler.png */ = {isa = PBXFileReference; lastKnownFileType = image.png; path = alfred_adler.png; sourceTree = "<group>"; };
		93E5EC6F1F26E0D700F7E008 /* aristoteles.png */ = {isa = PBXFileReference; lastKnownFileType = image.png; path = aristoteles.png; sourceTree = "<group>"; };
		93E5EC701F26E0D700F7E008 /* einstein.png */ = {isa = PBXFileReference; lastKnownFileType = image.png; path = einstein.png; sourceTree = "<group>"; };
		93E5EC711F26E0D700F7E008 /* gandhi.png */ = {isa = PBXFileReference; lastKnownFileType = image.png; path = gandhi.png; sourceTree = "<group>"; };
		93E5EC721F26E0D700F7E008 /* helen_keller.png */ = {isa = PBXFileReference; lastKnownFileType = image.png; path = helen_keller.png; sourceTree = "<group>"; };
		93E5EC731F26E0D700F7E008 /* ieyasu.png */ = {isa = PBXFileReference; lastKnownFileType = image.png; path = ieyasu.png; sourceTree = "<group>"; };
		93E5EC741F26E0D700F7E008 /* koumei.png */ = {isa = PBXFileReference; lastKnownFileType = image.png; path = koumei.png; sourceTree = "<group>"; };
		93E5EC751F26E0D700F7E008 /* platon.png */ = {isa = PBXFileReference; lastKnownFileType = image.png; path = platon.png; sourceTree = "<group>"; };
		93E5EC761F26E0D700F7E008 /* shikoutei.png */ = {isa = PBXFileReference; lastKnownFileType = image.png; path = shikoutei.png; sourceTree = "<group>"; };
		93E5EC861F2735E600F7E008 /* Constant.swift */ = {isa = PBXFileReference; fileEncoding = 4; lastKnownFileType = sourcecode.swift; path = Constant.swift; sourceTree = "<group>"; };
/* End PBXFileReference section */

/* Begin PBXFrameworksBuildPhase section */
		9318E37F1F2077850083632B /* Frameworks */ = {
			isa = PBXFrameworksBuildPhase;
			buildActionMask = 2147483647;
			files = (
			);
			runOnlyForDeploymentPostprocessing = 0;
		};
/* End PBXFrameworksBuildPhase section */

/* Begin PBXGroup section */
		9318E3791F2077850083632B = {
			isa = PBXGroup;
			children = (
				9318E3841F2077850083632B /* ProverbQuiz */,
				9318E3831F2077850083632B /* Products */,
			);
			sourceTree = "<group>";
		};
		9318E3831F2077850083632B /* Products */ = {
			isa = PBXGroup;
			children = (
				9318E3821F2077850083632B /* ProverbQuiz.app */,
			);
			name = Products;
			sourceTree = "<group>";
		};
		9318E3841F2077850083632B /* ProverbQuiz */ = {
			isa = PBXGroup;
			children = (
				9318E3CD1F207C280083632B /* images */,
				9318E3971F2077EE0083632B /* icons */,
				9318E3851F2077850083632B /* AppDelegate.swift */,
				9318E3871F2077850083632B /* ViewController.swift */,
				9318E3891F2077850083632B /* Main.storyboard */,
				9318E38C1F2077850083632B /* Assets.xcassets */,
				9318E38E1F2077850083632B /* LaunchScreen.storyboard */,
				9318E3911F2077850083632B /* Info.plist */,
				9318E3D01F2082FB0083632B /* QuizViewController.swift */,
				9318E3D21F2083100083632B /* ResultViewController.swift */,
				9318E3D41F208AAE0083632B /* Quiz.swift */,
				93E5EC861F2735E600F7E008 /* Constant.swift */,
			);
			path = ProverbQuiz;
			sourceTree = "<group>";
		};
		9318E3971F2077EE0083632B /* icons */ = {
			isa = PBXGroup;
			children = (
				9318E3981F2077EE0083632B /* AppIcon.appiconset */,
				9318E3B01F2077EE0083632B /* iTunesArtwork@1x.png */,
				9318E3B11F2077EE0083632B /* iTunesArtwork@2x.png */,
				9318E3B21F2077EE0083632B /* iTunesArtwork@3x.png */,
			);
			path = icons;
			sourceTree = "<group>";
		};
		9318E3981F2077EE0083632B /* AppIcon.appiconset */ = {
			isa = PBXGroup;
			children = (
				9318E3991F2077EE0083632B /* Contents.json */,
				9318E39A1F2077EE0083632B /* Icon-App-20x20@1x.png */,
				9318E39B1F2077EE0083632B /* Icon-App-20x20@2x.png */,
				9318E39C1F2077EE0083632B /* Icon-App-20x20@3x.png */,
				9318E39D1F2077EE0083632B /* Icon-App-29x29@1x.png */,
				9318E39E1F2077EE0083632B /* Icon-App-29x29@2x.png */,
				9318E39F1F2077EE0083632B /* Icon-App-29x29@3x.png */,
				9318E3A01F2077EE0083632B /* Icon-App-40x40@1x.png */,
				9318E3A11F2077EE0083632B /* Icon-App-40x40@2x.png */,
				9318E3A21F2077EE0083632B /* Icon-App-40x40@3x.png */,
				9318E3A31F2077EE0083632B /* Icon-App-57x57@1x.png */,
				9318E3A41F2077EE0083632B /* Icon-App-57x57@2x.png */,
				9318E3A51F2077EE0083632B /* Icon-App-60x60@1x.png */,
				9318E3A61F2077EE0083632B /* Icon-App-60x60@2x.png */,
				9318E3A71F2077EE0083632B /* Icon-App-60x60@3x.png */,
				9318E3A81F2077EE0083632B /* Icon-App-72x72@1x.png */,
				9318E3A91F2077EE0083632B /* Icon-App-72x72@2x.png */,
				9318E3AA1F2077EE0083632B /* Icon-App-76x76@1x.png */,
				9318E3AB1F2077EE0083632B /* Icon-App-76x76@2x.png */,
				9318E3AC1F2077EE0083632B /* Icon-App-76x76@3x.png */,
				9318E3AD1F2077EE0083632B /* Icon-App-83.5x83.5@2x.png */,
				9318E3AE1F2077EE0083632B /* Icon-Small-50x50@1x.png */,
				9318E3AF1F2077EE0083632B /* Icon-Small-50x50@2x.png */,
			);
			path = AppIcon.appiconset;
			sourceTree = "<group>";
		};
		9318E3CD1F207C280083632B /* images */ = {
			isa = PBXGroup;
			children = (
				93E5EC6E1F26E0D700F7E008 /* alfred_adler.png */,
				93E5EC6F1F26E0D700F7E008 /* aristoteles.png */,
				93E5EC701F26E0D700F7E008 /* einstein.png */,
				93E5EC711F26E0D700F7E008 /* gandhi.png */,
				93E5EC721F26E0D700F7E008 /* helen_keller.png */,
				93E5EC731F26E0D700F7E008 /* ieyasu.png */,
				93E5EC741F26E0D700F7E008 /* koumei.png */,
				93E5EC751F26E0D700F7E008 /* platon.png */,
				93E5EC761F26E0D700F7E008 /* shikoutei.png */,
				9318E3CE1F207C430083632B /* ni-che.png */,
			);
			path = images;
			sourceTree = "<group>";
		};
/* End PBXGroup section */

/* Begin PBXNativeTarget section */
		9318E3811F2077850083632B /* ProverbQuiz */ = {
			isa = PBXNativeTarget;
			buildConfigurationList = 9318E3941F2077850083632B /* Build configuration list for PBXNativeTarget "ProverbQuiz" */;
			buildPhases = (
				9318E37E1F2077850083632B /* Sources */,
				9318E37F1F2077850083632B /* Frameworks */,
				9318E3801F2077850083632B /* Resources */,
			);
			buildRules = (
			);
			dependencies = (
			);
			name = ProverbQuiz;
			productName = ProverbQuiz;
			productReference = 9318E3821F2077850083632B /* ProverbQuiz.app */;
			productType = "com.apple.product-type.application";
		};
/* End PBXNativeTarget section */

/* Begin PBXProject section */
		9318E37A1F2077850083632B /* Project object */ = {
			isa = PBXProject;
			attributes = {
				LastSwiftUpdateCheck = 0830;
				LastUpgradeCheck = 0830;
				ORGANIZATIONNAME = nttr.inc;
				TargetAttributes = {
					9318E3811F2077850083632B = {
						CreatedOnToolsVersion = 8.3.3;
						DevelopmentTeam = KR5DFC553E;
						ProvisioningStyle = Automatic;
					};
				};
			};
			buildConfigurationList = 9318E37D1F2077850083632B /* Build configuration list for PBXProject "ProverbQuiz" */;
			compatibilityVersion = "Xcode 3.2";
			developmentRegion = English;
			hasScannedForEncodings = 0;
			knownRegions = (
				en,
				Base,
			);
			mainGroup = 9318E3791F2077850083632B;
			productRefGroup = 9318E3831F2077850083632B /* Products */;
			projectDirPath = "";
			projectRoot = "";
			targets = (
				9318E3811F2077850083632B /* ProverbQuiz */,
			);
		};
/* End PBXProject section */

/* Begin PBXResourcesBuildPhase section */
		9318E3801F2077850083632B /* Resources */ = {
			isa = PBXResourcesBuildPhase;
			buildActionMask = 2147483647;
			files = (
				9318E3C21F2077EE0083632B /* Icon-App-72x72@1x.png in Resources */,
				93E5EC7C1F26E0D700F7E008 /* ieyasu.png in Resources */,
				9318E3901F2077850083632B /* LaunchScreen.storyboard in Resources */,
				93E5EC771F26E0D700F7E008 /* alfred_adler.png in Resources */,
				9318E3C41F2077EE0083632B /* Icon-App-76x76@1x.png in Resources */,
				9318E38D1F2077850083632B /* Assets.xcassets in Resources */,
				9318E3BE1F2077EE0083632B /* Icon-App-57x57@2x.png in Resources */,
				9318E3CC1F2077EE0083632B /* iTunesArtwork@3x.png in Resources */,
				93E5EC7B1F26E0D700F7E008 /* helen_keller.png in Resources */,
				9318E3BC1F2077EE0083632B /* Icon-App-40x40@3x.png in Resources */,
				9318E3B61F2077EE0083632B /* Icon-App-20x20@3x.png in Resources */,
				93E5EC7F1F26E0D700F7E008 /* shikoutei.png in Resources */,
				9318E3C01F2077EE0083632B /* Icon-App-60x60@2x.png in Resources */,
				9318E3CF1F207C430083632B /* ni-che.png in Resources */,
				93E5EC7E1F26E0D700F7E008 /* platon.png in Resources */,
				9318E3B71F2077EE0083632B /* Icon-App-29x29@1x.png in Resources */,
				9318E3B51F2077EE0083632B /* Icon-App-20x20@2x.png in Resources */,
				9318E3BA1F2077EE0083632B /* Icon-App-40x40@1x.png in Resources */,
				9318E3C11F2077EE0083632B /* Icon-App-60x60@3x.png in Resources */,
				9318E3BB1F2077EE0083632B /* Icon-App-40x40@2x.png in Resources */,
				93E5EC791F26E0D700F7E008 /* einstein.png in Resources */,
				9318E3C31F2077EE0083632B /* Icon-App-72x72@2x.png in Resources */,
				93E5EC781F26E0D700F7E008 /* aristoteles.png in Resources */,
				9318E3BF1F2077EE0083632B /* Icon-App-60x60@1x.png in Resources */,
				9318E3C61F2077EE0083632B /* Icon-App-76x76@3x.png in Resources */,
				9318E3B91F2077EE0083632B /* Icon-App-29x29@3x.png in Resources */,
				9318E3C51F2077EE0083632B /* Icon-App-76x76@2x.png in Resources */,
				9318E3C91F2077EE0083632B /* Icon-Small-50x50@2x.png in Resources */,
				93E5EC7A1F26E0D700F7E008 /* gandhi.png in Resources */,
				9318E38B1F2077850083632B /* Main.storyboard in Resources */,
				9318E3C81F2077EE0083632B /* Icon-Small-50x50@1x.png in Resources */,
				9318E3B41F2077EE0083632B /* Icon-App-20x20@1x.png in Resources */,
				9318E3CA1F2077EE0083632B /* iTunesArtwork@1x.png in Resources */,
				9318E3CB1F2077EE0083632B /* iTunesArtwork@2x.png in Resources */,
				9318E3B31F2077EE0083632B /* Contents.json in Resources */,
				9318E3B81F2077EE0083632B /* Icon-App-29x29@2x.png in Resources */,
				93E5EC7D1F26E0D700F7E008 /* koumei.png in Resources */,
				9318E3C71F2077EE0083632B /* Icon-App-83.5x83.5@2x.png in Resources */,
				9318E3BD1F2077EE0083632B /* Icon-App-57x57@1x.png in Resources */,
			);
			runOnlyForDeploymentPostprocessing = 0;
		};
/* End PBXResourcesBuildPhase section */

/* Begin PBXSourcesBuildPhase section */
		9318E37E1F2077850083632B /* Sources */ = {
			isa = PBXSourcesBuildPhase;
			buildActionMask = 2147483647;
			files = (
				9318E3D11F2082FB0083632B /* QuizViewController.swift in Sources */,
				9318E3D51F208AAE0083632B /* Quiz.swift in Sources */,
				9318E3881F2077850083632B /* ViewController.swift in Sources */,
				9318E3861F2077850083632B /* AppDelegate.swift in Sources */,
				9318E3D31F2083100083632B /* ResultViewController.swift in Sources */,
				93E5EC871F2735E600F7E008 /* Constant.swift in Sources */,
			);
			runOnlyForDeploymentPostprocessing = 0;
		};
/* End PBXSourcesBuildPhase section */

/* Begin PBXVariantGroup section */
		9318E3891F2077850083632B /* Main.storyboard */ = {
			isa = PBXVariantGroup;
			children = (
				9318E38A1F2077850083632B /* Base */,
			);
			name = Main.storyboard;
			sourceTree = "<group>";
		};
		9318E38E1F2077850083632B /* LaunchScreen.storyboard */ = {
			isa = PBXVariantGroup;
			children = (
				9318E38F1F2077850083632B /* Base */,
			);
			name = LaunchScreen.storyboard;
			sourceTree = "<group>";
		};
/* End PBXVariantGroup section */

/* Begin XCBuildConfiguration section */
		9318E3921F2077850083632B /* Debug */ = {
			isa = XCBuildConfiguration;
			buildSettings = {
				ALWAYS_SEARCH_USER_PATHS = NO;
				CLANG_ANALYZER_NONNULL = YES;
				CLANG_ANALYZER_NUMBER_OBJECT_CONVERSION = YES_AGGRESSIVE;
				CLANG_CXX_LANGUAGE_STANDARD = "gnu++0x";
				CLANG_CXX_LIBRARY = "libc++";
				CLANG_ENABLE_MODULES = YES;
				CLANG_ENABLE_OBJC_ARC = YES;
				CLANG_WARN_BOOL_CONVERSION = YES;
				CLANG_WARN_CONSTANT_CONVERSION = YES;
				CLANG_WARN_DIRECT_OBJC_ISA_USAGE = YES_ERROR;
				CLANG_WARN_DOCUMENTATION_COMMENTS = YES;
				CLANG_WARN_EMPTY_BODY = YES;
				CLANG_WARN_ENUM_CONVERSION = YES;
				CLANG_WARN_INFINITE_RECURSION = YES;
				CLANG_WARN_INT_CONVERSION = YES;
				CLANG_WARN_OBJC_ROOT_CLASS = YES_ERROR;
				CLANG_WARN_SUSPICIOUS_MOVE = YES;
				CLANG_WARN_UNREACHABLE_CODE = YES;
				CLANG_WARN__DUPLICATE_METHOD_MATCH = YES;
				"CODE_SIGN_IDENTITY[sdk=iphoneos*]" = "iPhone Developer";
				COPY_PHASE_STRIP = NO;
				DEBUG_INFORMATION_FORMAT = dwarf;
				ENABLE_STRICT_OBJC_MSGSEND = YES;
				ENABLE_TESTABILITY = YES;
				GCC_C_LANGUAGE_STANDARD = gnu99;
				GCC_DYNAMIC_NO_PIC = NO;
				GCC_NO_COMMON_BLOCKS = YES;
				GCC_OPTIMIZATION_LEVEL = 0;
				GCC_PREPROCESSOR_DEFINITIONS = (
					"DEBUG=1",
					"$(inherited)",
				);
				GCC_WARN_64_TO_32_BIT_CONVERSION = YES;
				GCC_WARN_ABOUT_RETURN_TYPE = YES_ERROR;
				GCC_WARN_UNDECLARED_SELECTOR = YES;
				GCC_WARN_UNINITIALIZED_AUTOS = YES_AGGRESSIVE;
				GCC_WARN_UNUSED_FUNCTION = YES;
				GCC_WARN_UNUSED_VARIABLE = YES;
				IPHONEOS_DEPLOYMENT_TARGET = 10.3;
				MTL_ENABLE_DEBUG_INFO = YES;
				ONLY_ACTIVE_ARCH = YES;
				SDKROOT = iphoneos;
				SWIFT_ACTIVE_COMPILATION_CONDITIONS = DEBUG;
				SWIFT_OPTIMIZATION_LEVEL = "-Onone";
			};
			name = Debug;
		};
		9318E3931F2077850083632B /* Release */ = {
			isa = XCBuildConfiguration;
			buildSettings = {
				ALWAYS_SEARCH_USER_PATHS = NO;
				CLANG_ANALYZER_NONNULL = YES;
				CLANG_ANALYZER_NUMBER_OBJECT_CONVERSION = YES_AGGRESSIVE;
				CLANG_CXX_LANGUAGE_STANDARD = "gnu++0x";
				CLANG_CXX_LIBRARY = "libc++";
				CLANG_ENABLE_MODULES = YES;
				CLANG_ENABLE_OBJC_ARC = YES;
				CLANG_WARN_BOOL_CONVERSION = YES;
				CLANG_WARN_CONSTANT_CONVERSION = YES;
				CLANG_WARN_DIRECT_OBJC_ISA_USAGE = YES_ERROR;
				CLANG_WARN_DOCUMENTATION_COMMENTS = YES;
				CLANG_WARN_EMPTY_BODY = YES;
				CLANG_WARN_ENUM_CONVERSION = YES;
				CLANG_WARN_INFINITE_RECURSION = YES;
				CLANG_WARN_INT_CONVERSION = YES;
				CLANG_WARN_OBJC_ROOT_CLASS = YES_ERROR;
				CLANG_WARN_SUSPICIOUS_MOVE = YES;
				CLANG_WARN_UNREACHABLE_CODE = YES;
				CLANG_WARN__DUPLICATE_METHOD_MATCH = YES;
				"CODE_SIGN_IDENTITY[sdk=iphoneos*]" = "iPhone Developer";
				COPY_PHASE_STRIP = NO;
				DEBUG_INFORMATION_FORMAT = "dwarf-with-dsym";
				ENABLE_NS_ASSERTIONS = NO;
				ENABLE_STRICT_OBJC_MSGSEND = YES;
				GCC_C_LANGUAGE_STANDARD = gnu99;
				GCC_NO_COMMON_BLOCKS = YES;
				GCC_WARN_64_TO_32_BIT_CONVERSION = YES;
				GCC_WARN_ABOUT_RETURN_TYPE = YES_ERROR;
				GCC_WARN_UNDECLARED_SELECTOR = YES;
				GCC_WARN_UNINITIALIZED_AUTOS = YES_AGGRESSIVE;
				GCC_WARN_UNUSED_FUNCTION = YES;
				GCC_WARN_UNUSED_VARIABLE = YES;
				IPHONEOS_DEPLOYMENT_TARGET = 10.3;
				MTL_ENABLE_DEBUG_INFO = NO;
				SDKROOT = iphoneos;
				SWIFT_OPTIMIZATION_LEVEL = "-Owholemodule";
				VALIDATE_PRODUCT = YES;
			};
			name = Release;
		};
		9318E3951F2077850083632B /* Debug */ = {
			isa = XCBuildConfiguration;
			buildSettings = {
				ASSETCATALOG_COMPILER_APPICON_NAME = AppIcon;
				DEVELOPMENT_TEAM = KR5DFC553E;
				INFOPLIST_FILE = ProverbQuiz/Info.plist;
				LD_RUNPATH_SEARCH_PATHS = "$(inherited) @executable_path/Frameworks";
				PRODUCT_BUNDLE_IDENTIFIER = jp.myapp.ProverbQuiz;
				PRODUCT_NAME = "$(TARGET_NAME)";
				SWIFT_VERSION = 3.0;
			};
			name = Debug;
		};
		9318E3961F2077850083632B /* Release */ = {
			isa = XCBuildConfiguration;
			buildSettings = {
				ASSETCATALOG_COMPILER_APPICON_NAME = AppIcon;
				DEVELOPMENT_TEAM = KR5DFC553E;
				INFOPLIST_FILE = ProverbQuiz/Info.plist;
				LD_RUNPATH_SEARCH_PATHS = "$(inherited) @executable_path/Frameworks";
				PRODUCT_BUNDLE_IDENTIFIER = jp.myapp.ProverbQuiz;
				PRODUCT_NAME = "$(TARGET_NAME)";
				SWIFT_VERSION = 3.0;
			};
			name = Release;
		};
/* End XCBuildConfiguration section */

/* Begin XCConfigurationList section */
		9318E37D1F2077850083632B /* Build configuration list for PBXProject "ProverbQuiz" */ = {
			isa = XCConfigurationList;
			buildConfigurations = (
				9318E3921F2077850083632B /* Debug */,
				9318E3931F2077850083632B /* Release */,
			);
			defaultConfigurationIsVisible = 0;
			defaultConfigurationName = Release;
		};
		9318E3941F2077850083632B /* Build configuration list for PBXNativeTarget "ProverbQuiz" */ = {
			isa = XCConfigurationList;
			buildConfigurations = (
				9318E3951F2077850083632B /* Debug */,
				9318E3961F2077850083632B /* Release */,
			);
			defaultConfigurationIsVisible = 0;
			defaultConfigurationName = Release;
		};
/* End XCConfigurationList section */
	};
	rootObject = 9318E37A1F2077850083632B /* Project object */;
}
